// !$*UTF8*$!
{
	archiveVersion = 1;
	classes = {
	};
	objectVersion = 50;
	objects = {

/* Begin PBXBuildFile section */
		4728B88E203B6EE700C1447E /* CheckMove.swift in Sources */ = {isa = PBXBuildFile; fileRef = 4728B88D203B6EE700C1447E /* CheckMove.swift */; };
		4728B890203B9D9F00C1447E /* wrong_move.WAV in Resources */ = {isa = PBXBuildFile; fileRef = 4728B88F203B9D9F00C1447E /* wrong_move.WAV */; };
		47FEFD1D2038D84900AF5043 /* AppDelegate.swift in Sources */ = {isa = PBXBuildFile; fileRef = 47FEFD1C2038D84900AF5043 /* AppDelegate.swift */; };
		47FEFD1F2038D84900AF5043 /* ViewController.swift in Sources */ = {isa = PBXBuildFile; fileRef = 47FEFD1E2038D84900AF5043 /* ViewController.swift */; };
		47FEFD222038D84900AF5043 /* Main.storyboard in Resources */ = {isa = PBXBuildFile; fileRef = 47FEFD202038D84900AF5043 /* Main.storyboard */; };
		47FEFD242038D87800AF5043 /* Assets.xcassets in Resources */ = {isa = PBXBuildFile; fileRef = 47FEFD232038D87800AF5043 /* Assets.xcassets */; };
		47FEFD272038D87800AF5043 /* LaunchScreen.storyboard in Resources */ = {isa = PBXBuildFile; fileRef = 47FEFD252038D87800AF5043 /* LaunchScreen.storyboard */; };
		47FEFD312038DC7F00AF5043 /* Cross.swift in Sources */ = {isa = PBXBuildFile; fileRef = 47FEFD302038DC7F00AF5043 /* Cross.swift */; };
		47FEFD332039020600AF5043 /* flipcard.wav in Resources */ = {isa = PBXBuildFile; fileRef = 47FEFD322039020600AF5043 /* flipcard.wav */; };
/* End PBXBuildFile section */

/* Begin PBXFileReference section */
		4728B88D203B6EE700C1447E /* CheckMove.swift */ = {isa = PBXFileReference; lastKnownFileType = sourcecode.swift; path = CheckMove.swift; sourceTree = "<group>"; };
		4728B88F203B9D9F00C1447E /* wrong_move.WAV */ = {isa = PBXFileReference; lastKnownFileType = audio.wav; path = wrong_move.WAV; sourceTree = "<group>"; };
		47FEFD192038D84900AF5043 /* ChineseChess.app */ = {isa = PBXFileReference; explicitFileType = wrapper.application; includeInIndex = 0; path = ChineseChess.app; sourceTree = BUILT_PRODUCTS_DIR; };
		47FEFD1C2038D84900AF5043 /* AppDelegate.swift */ = {isa = PBXFileReference; lastKnownFileType = sourcecode.swift; path = AppDelegate.swift; sourceTree = "<group>"; };
		47FEFD1E2038D84900AF5043 /* ViewController.swift */ = {isa = PBXFileReference; lastKnownFileType = sourcecode.swift; path = ViewController.swift; sourceTree = "<group>"; };
		47FEFD212038D84900AF5043 /* Base */ = {isa = PBXFileReference; lastKnownFileType = file.storyboard; name = Base; path = Base.lproj/Main.storyboard; sourceTree = "<group>"; };
		47FEFD232038D87800AF5043 /* Assets.xcassets */ = {isa = PBXFileReference; lastKnownFileType = folder.assetcatalog; path = Assets.xcassets; sourceTree = "<group>"; };
		47FEFD262038D87800AF5043 /* Base */ = {isa = PBXFileReference; lastKnownFileType = file.storyboard; name = Base; path = Base.lproj/LaunchScreen.storyboard; sourceTree = "<group>"; };
		47FEFD282038D87800AF5043 /* Info.plist */ = {isa = PBXFileReference; lastKnownFileType = text.plist.xml; path = Info.plist; sourceTree = "<group>"; };
		47FEFD302038DC7F00AF5043 /* Cross.swift */ = {isa = PBXFileReference; lastKnownFileType = sourcecode.swift; path = Cross.swift; sourceTree = "<group>"; };
		47FEFD322039020600AF5043 /* flipcard.wav */ = {isa = PBXFileReference; lastKnownFileType = audio.wav; path = flipcard.wav; sourceTree = "<group>"; };
/* End PBXFileReference section */

/* Begin PBXFrameworksBuildPhase section */
		47FEFD162038D84900AF5043 /* Frameworks */ = {
			isa = PBXFrameworksBuildPhase;
			buildActionMask = 2147483647;
			files = (
			);
			runOnlyForDeploymentPostprocessing = 0;
		};
/* End PBXFrameworksBuildPhase section */

/* Begin PBXGroup section */
		47FEFD102038D84800AF5043 = {
			isa = PBXGroup;
			children = (
				47FEFD1B2038D84900AF5043 /* ChineseChess */,
				47FEFD1A2038D84900AF5043 /* Products */,
			);
			sourceTree = "<group>";
		};
		47FEFD1A2038D84900AF5043 /* Products */ = {
			isa = PBXGroup;
			children = (
				47FEFD192038D84900AF5043 /* ChineseChess.app */,
			);
			name = Products;
			sourceTree = "<group>";
		};
		47FEFD1B2038D84900AF5043 /* ChineseChess */ = {
			isa = PBXGroup;
			children = (
				47FEFD1C2038D84900AF5043 /* AppDelegate.swift */,
				47FEFD1E2038D84900AF5043 /* ViewController.swift */,
				47FEFD202038D84900AF5043 /* Main.storyboard */,
				47FEFD232038D87800AF5043 /* Assets.xcassets */,
				47FEFD252038D87800AF5043 /* LaunchScreen.storyboard */,
				47FEFD322039020600AF5043 /* flipcard.wav */,
				4728B88F203B9D9F00C1447E /* wrong_move.WAV */,
				47FEFD282038D87800AF5043 /* Info.plist */,
				47FEFD302038DC7F00AF5043 /* Cross.swift */,
				4728B88D203B6EE700C1447E /* CheckMove.swift */,
			);
			path = ChineseChess;
			sourceTree = "<group>";
		};
/* End PBXGroup section */

/* Begin PBXNativeTarget section */
		47FEFD182038D84900AF5043 /* ChineseChess */ = {
			isa = PBXNativeTarget;
			buildConfigurationList = 47FEFD2B2038D87800AF5043 /* Build configuration list for PBXNativeTarget "ChineseChess" */;
			buildPhases = (
				47FEFD152038D84900AF5043 /* Sources */,
				47FEFD162038D84900AF5043 /* Frameworks */,
				47FEFD172038D84900AF5043 /* Resources */,
			);
			buildRules = (
			);
			dependencies = (
			);
			name = ChineseChess;
			productName = ChineseChess;
			productReference = 47FEFD192038D84900AF5043 /* ChineseChess.app */;
			productType = "com.apple.product-type.application";
		};
/* End PBXNativeTarget section */

/* Begin PBXProject section */
		47FEFD112038D84800AF5043 /* Project object */ = {
			isa = PBXProject;
			attributes = {
				LastSwiftUpdateCheck = 0930;
				LastUpgradeCheck = 0930;
				ORGANIZATIONNAME = "Gary Li";
				TargetAttributes = {
					47FEFD182038D84900AF5043 = {
						CreatedOnToolsVersion = 9.3;
					};
				};
			};
			buildConfigurationList = 47FEFD142038D84800AF5043 /* Build configuration list for PBXProject "ChineseChess" */;
			compatibilityVersion = "Xcode 9.3";
			developmentRegion = en;
			hasScannedForEncodings = 0;
			knownRegions = (
				en,
				Base,
			);
			mainGroup = 47FEFD102038D84800AF5043;
			productRefGroup = 47FEFD1A2038D84900AF5043 /* Products */;
			projectDirPath = "";
			projectRoot = "";
			targets = (
				47FEFD182038D84900AF5043 /* ChineseChess */,
			);
		};
/* End PBXProject section */

/* Begin PBXResourcesBuildPhase section */
		47FEFD172038D84900AF5043 /* Resources */ = {
			isa = PBXResourcesBuildPhase;
			buildActionMask = 2147483647;
			files = (
				4728B890203B9D9F00C1447E /* wrong_move.WAV in Resources */,
				47FEFD272038D87800AF5043 /* LaunchScreen.storyboard in Resources */,
				47FEFD332039020600AF5043 /* flipcard.wav in Resources */,
				47FEFD242038D87800AF5043 /* Assets.xcassets in Resources */,
				47FEFD222038D84900AF5043 /* Main.storyboard in Resources */,
			);
			runOnlyForDeploymentPostprocessing = 0;
		};
/* End PBXResourcesBuildPhase section */

/* Begin PBXSourcesBuildPhase section */
		47FEFD152038D84900AF5043 /* Sources */ = {
			isa = PBXSourcesBuildPhase;
			buildActionMask = 2147483647;
			files = (
				47FEFD1F2038D84900AF5043 /* ViewController.swift in Sources */,
				47FEFD312038DC7F00AF5043 /* Cross.swift in Sources */,
				47FEFD1D2038D84900AF5043 /* AppDelegate.swift in Sources */,
				4728B88E203B6EE700C1447E /* CheckMove.swift in Sources */,
			);
			runOnlyForDeploymentPostprocessing = 0;
		};
/* End PBXSourcesBuildPhase section */

/* Begin PBXVariantGroup section */
		47FEFD202038D84900AF5043 /* Main.storyboard */ = {
			isa = PBXVariantGroup;
			children = (
				47FEFD212038D84900AF5043 /* Base */,
			);
			name = Main.storyboard;
			sourceTree = "<group>";
		};
		47FEFD252038D87800AF5043 /* LaunchScreen.storyboard */ = {
			isa = PBXVariantGroup;
			children = (
				47FEFD262038D87800AF5043 /* Base */,
			);
			name = LaunchScreen.storyboard;
			sourceTree = "<group>";
		};
/* End PBXVariantGroup section */

/* Begin XCBuildConfiguration section */
		47FEFD292038D87800AF5043 /* Debug */ = {
			isa = XCBuildConfiguration;
			buildSettings = {
				ALWAYS_SEARCH_USER_PATHS = NO;
				CLANG_ANALYZER_NONNULL = YES;
				CLANG_ANALYZER_NUMBER_OBJECT_CONVERSION = YES_AGGRESSIVE;
				CLANG_CXX_LANGUAGE_STANDARD = "gnu++14";
				CLANG_CXX_LIBRARY = "libc++";
				CLANG_ENABLE_MODULES = YES;
				CLANG_ENABLE_OBJC_ARC = YES;
				CLANG_ENABLE_OBJC_WEAK = YES;
				CLANG_WARN_BLOCK_CAPTURE_AUTORELEASING = YES;
				CLANG_WARN_BOOL_CONVERSION = YES;
				CLANG_WARN_COMMA = YES;
				CLANG_WARN_CONSTANT_CONVERSION = YES;
				CLANG_WARN_DEPRECATED_OBJC_IMPLEMENTATIONS = YES;
				CLANG_WARN_DIRECT_OBJC_ISA_USAGE = YES_ERROR;
				CLANG_WARN_DOCUMENTATION_COMMENTS = YES;
				CLANG_WARN_EMPTY_BODY = YES;
				CLANG_WARN_ENUM_CONVERSION = YES;
				CLANG_WARN_INFINITE_RECURSION = YES;
				CLANG_WARN_INT_CONVERSION = YES;
				CLANG_WARN_NON_LITERAL_NULL_CONVERSION = YES;
				CLANG_WARN_OBJC_IMPLICIT_RETAIN_SELF = YES;
				CLANG_WARN_OBJC_LITERAL_CONVERSION = YES;
				CLANG_WARN_OBJC_ROOT_CLASS = YES_ERROR;
				CLANG_WARN_RANGE_LOOP_ANALYSIS = YES;
				CLANG_WARN_STRICT_PROTOTYPES = YES;
				CLANG_WARN_SUSPICIOUS_MOVE = YES;
				CLANG_WARN_UNGUARDED_AVAILABILITY = YES_AGGRESSIVE;
				CLANG_WARN_UNREACHABLE_CODE = YES;
				CLANG_WARN__DUPLICATE_METHOD_MATCH = YES;
				CODE_SIGN_IDENTITY = "iPhone Developer";
				COPY_PHASE_STRIP = NO;
				DEBUG_INFORMATION_FORMAT = dwarf;
				ENABLE_STRICT_OBJC_MSGSEND = YES;
				ENABLE_TESTABILITY = YES;
				GCC_C_LANGUAGE_STANDARD = gnu11;
				GCC_DYNAMIC_NO_PIC = NO;
				GCC_NO_COMMON_BLOCKS = YES;
				GCC_OPTIMIZATION_LEVEL = 0;
				GCC_PREPROCESSOR_DEFINITIONS = (
					"DEBUG=1",
					"$(inherited)",
				);
				GCC_WARN_64_TO_32_BIT_CONVERSION = YES;
				GCC_WARN_ABOUT_RETURN_TYPE = YES_ERROR;
				GCC_WARN_UNDECLARED_SELECTOR = YES;
				GCC_WARN_UNINITIALIZED_AUTOS = YES_AGGRESSIVE;
				GCC_WARN_UNUSED_FUNCTION = YES;
				GCC_WARN_UNUSED_VARIABLE = YES;
				IPHONEOS_DEPLOYMENT_TARGET = 11.3;
				MTL_ENABLE_DEBUG_INFO = YES;
				ONLY_ACTIVE_ARCH = YES;
				SDKROOT = iphoneos;
				SWIFT_ACTIVE_COMPILATION_CONDITIONS = DEBUG;
				SWIFT_OPTIMIZATION_LEVEL = "-Onone";
			};
			name = Debug;
		};
		47FEFD2A2038D87800AF5043 /* Release */ = {
			isa = XCBuildConfiguration;
			buildSettings = {
				ALWAYS_SEARCH_USER_PATHS = NO;
				CLANG_ANALYZER_NONNULL = YES;
				CLANG_ANALYZER_NUMBER_OBJECT_CONVERSION = YES_AGGRESSIVE;
				CLANG_CXX_LANGUAGE_STANDARD = "gnu++14";
				CLANG_CXX_LIBRARY = "libc++";
				CLANG_ENABLE_MODULES = YES;
				CLANG_ENABLE_OBJC_ARC = YES;
				CLANG_ENABLE_OBJC_WEAK = YES;
				CLANG_WARN_BLOCK_CAPTURE_AUTORELEASING = YES;
				CLANG_WARN_BOOL_CONVERSION = YES;
				CLANG_WARN_COMMA = YES;
				CLANG_WARN_CONSTANT_CONVERSION = YES;
				CLANG_WARN_DEPRECATED_OBJC_IMPLEMENTATIONS = YES;
				CLANG_WARN_DIRECT_OBJC_ISA_USAGE = YES_ERROR;
				CLANG_WARN_DOCUMENTATION_COMMENTS = YES;
				CLANG_WARN_EMPTY_BODY = YES;
				CLANG_WARN_ENUM_CONVERSION = YES;
				CLANG_WARN_INFINITE_RECURSION = YES;
				CLANG_WARN_INT_CONVERSION = YES;
				CLANG_WARN_NON_LITERAL_NULL_CONVERSION = YES;
				CLANG_WARN_OBJC_IMPLICIT_RETAIN_SELF = YES;
				CLANG_WARN_OBJC_LITERAL_CONVERSION = YES;
				CLANG_WARN_OBJC_ROOT_CLASS = YES_ERROR;
				CLANG_WARN_RANGE_LOOP_ANALYSIS = YES;
				CLANG_WARN_STRICT_PROTOTYPES = YES;
				CLANG_WARN_SUSPICIOUS_MOVE = YES;
				CLANG_WARN_UNGUARDED_AVAILABILITY = YES_AGGRESSIVE;
				CLANG_WARN_UNREACHABLE_CODE = YES;
				CLANG_WARN__DUPLICATE_METHOD_MATCH = YES;
				CODE_SIGN_IDENTITY = "iPhone Developer";
				COPY_PHASE_STRIP = NO;
				DEBUG_INFORMATION_FORMAT = "dwarf-with-dsym";
				ENABLE_NS_ASSERTIONS = NO;
				ENABLE_STRICT_OBJC_MSGSEND = YES;
				GCC_C_LANGUAGE_STANDARD = gnu11;
				GCC_NO_COMMON_BLOCKS = YES;
				GCC_WARN_64_TO_32_BIT_CONVERSION = YES;
				GCC_WARN_ABOUT_RETURN_TYPE = YES_ERROR;
				GCC_WARN_UNDECLARED_SELECTOR = YES;
				GCC_WARN_UNINITIALIZED_AUTOS = YES_AGGRESSIVE;
				GCC_WARN_UNUSED_FUNCTION = YES;
				GCC_WARN_UNUSED_VARIABLE = YES;
				IPHONEOS_DEPLOYMENT_TARGET = 11.3;
				MTL_ENABLE_DEBUG_INFO = NO;
				SDKROOT = iphoneos;
				SWIFT_OPTIMIZATION_LEVEL = "-Owholemodule";
				VALIDATE_PRODUCT = YES;
			};
			name = Release;
		};
		47FEFD2C2038D87800AF5043 /* Debug */ = {
			isa = XCBuildConfiguration;
			buildSettings = {
				ASSETCATALOG_COMPILER_APPICON_NAME = AppIcon;
				CODE_SIGN_STYLE = Automatic;
				DEVELOPMENT_TEAM = HPQN6S6TR3;
				INFOPLIST_FILE = ChineseChess/Info.plist;
				IPHONEOS_DEPLOYMENT_TARGET = 11.0;
				LD_RUNPATH_SEARCH_PATHS = (
					"$(inherited)",
					"@executable_path/Frameworks",
				);
				PRODUCT_BUNDLE_IDENTIFIER = com.garyli.ChineseChess;
				PRODUCT_NAME = "$(TARGET_NAME)";
				SWIFT_VERSION = 4.0;
				TARGETED_DEVICE_FAMILY = "1,2";
			};
			name = Debug;
		};
		47FEFD2D2038D87800AF5043 /* Release */ = {
			isa = XCBuildConfiguration;
			buildSettings = {
				ASSETCATALOG_COMPILER_APPICON_NAME = AppIcon;
				CODE_SIGN_STYLE = Automatic;
				DEVELOPMENT_TEAM = HPQN6S6TR3;
				INFOPLIST_FILE = ChineseChess/Info.plist;
				IPHONEOS_DEPLOYMENT_TARGET = 11.0;
				LD_RUNPATH_SEARCH_PATHS = (
					"$(inherited)",
					"@executable_path/Frameworks",
				);
				PRODUCT_BUNDLE_IDENTIFIER = com.garyli.ChineseChess;
				PRODUCT_NAME = "$(TARGET_NAME)";
				SWIFT_VERSION = 4.0;
				TARGETED_DEVICE_FAMILY = "1,2";
			};
			name = Release;
		};
/* End XCBuildConfiguration section */

/* Begin XCConfigurationList section */
		47FEFD142038D84800AF5043 /* Build configuration list for PBXProject "ChineseChess" */ = {
			isa = XCConfigurationList;
			buildConfigurations = (
				47FEFD292038D87800AF5043 /* Debug */,
				47FEFD2A2038D87800AF5043 /* Release */,
			);
			defaultConfigurationIsVisible = 0;
			defaultConfigurationName = Release;
		};
		47FEFD2B2038D87800AF5043 /* Build configuration list for PBXNativeTarget "ChineseChess" */ = {
			isa = XCConfigurationList;
			buildConfigurations = (
				47FEFD2C2038D87800AF5043 /* Debug */,
				47FEFD2D2038D87800AF5043 /* Release */,
			);
			defaultConfigurationIsVisible = 0;
			defaultConfigurationName = Release;
		};
/* End XCConfigurationList section */
	};
	rootObject = 47FEFD112038D84800AF5043 /* Project object */;
}
